
Microsoft Visual Studio Solution File, Format Version 12.00
# Visual Studio Version 17
VisualStudioVersion = 17.8.34330.188
MinimumVisualStudioVersion = 10.0.40219.1
Project("{9A19103F-16F7-4668-BE54-9A1E7A4F7556}") = "ProfitCalculator", "ProfitCalculator\ProfitCalculator.csproj", "{6496F0A5-5AAE-4889-B324-E11F7023A2CC}"
EndProject
Project("{9A19103F-16F7-4668-BE54-9A1E7A4F7556}") = "[CP] Various Coal Ores + Extras", "[CP] Various Coal Ores + Extras\[CP] Various Coal Ores + Extras.csproj", "{59D76C92-7552-4F68-90CC-2CF97631781A}"
EndProject
Project("{9A19103F-16F7-4668-BE54-9A1E7A4F7556}") = "[CP] Pizza Nodes", "[CP] Pizza Nodes\[CP] Pizza Nodes.csproj", "{8DE474D2-AE31-445F-A0F7-C9883F7BD396}"
EndProject
Project("{9A19103F-16F7-4668-BE54-9A1E7A4F7556}") = "[CP] Sweet Mines", "[CP] Sweet Mines\[CP] Sweet Mines.csproj", "{34074A22-39A4-410F-BA00-37E26E9B7461}"
EndProject
Project("{9A19103F-16F7-4668-BE54-9A1E7A4F7556}") = "[CP] UI Framework Example", "[CP] UI Framework Example\[CP] UI Framework Example.csproj", "{5190684B-49F3-48E9-BE41-92E8810B345C}"
EndProject
Project("{9A19103F-16F7-4668-BE54-9A1E7A4F7556}") = "Adjustable Fertilizer", "Adjustable Fertilizer\Adjustable Fertilizer.csproj", "{0E2DCBFA-6A6F-4474-9564-5B1F76427913}"
EndProject
Project("{9A19103F-16F7-4668-BE54-9A1E7A4F7556}") = "UIFramework", "StardewUIFramework\UIFramework.csproj", "{1A77A589-242F-5857-480B-7E9D9C5E064A}"
EndProject
Project("{9A19103F-16F7-4668-BE54-9A1E7A4F7556}") = "UIFrameworkExample", "UIFrameworkExample\UIFrameworkExample.csproj", "{33D3C5BC-9A15-17B0-65A0-24CBAF16A45D}"
EndProject
Project("{2150E333-8FDC-42A3-9474-1A3956D46DE8}") = "tools", "tools", "{07C2787E-EAC7-C090-1BA3-A61EC2A24D84}"
EndProject
Project("{FAE04EC0-301F-11D3-BF4B-00C04F79EFBC}") = "DesignerMetadata", "tools\DesignerMetadata\DesignerMetadata.csproj", "{4C299069-FB51-4038-9326-E1BFB483252D}"
EndProject
Project("{FAE04EC0-301F-11D3-BF4B-00C04F79EFBC}") = "HolidaySalesContinued", "HolidaySalesContinued\HolidaySalesContinued.csproj", "{3100B943-09B6-4BE1-AEB0-C2AC153CEF58}"
EndProject
Project("{FAE04EC0-301F-11D3-BF4B-00C04F79EFBC}") = "AnythingPondsContinued", "AnythingPondsContinued\AnythingPondsContinued.csproj", "{C4F9AE53-F17F-4FF2-A6BF-195311A97931}"
EndProject
Project("{FAE04EC0-301F-11D3-BF4B-00C04F79EFBC}") = "GingerIslandMainlandAdjustmentsContinued", "GingerIslandMainlandAdjustmentsContinued\GingerIslandMainlandAdjustmentsContinued.csproj", "{5D51DAE5-FC52-42B5-8283-A274E5830739}"
EndProject
Project("{FAE04EC0-301F-11D3-BF4B-00C04F79EFBC}") = "GiantCropFertilizerContinued", "GiantCropFertilizerContinued\GiantCropFertilizerContinued.csproj", "{B5CD4CA5-8956-418D-ADA4-3176AF920C41}"
EndProject
Project("{FAE04EC0-301F-11D3-BF4B-00C04F79EFBC}") = "CombatLevelDamageScalerContinued", "CombatLevelDamageScalerContinued\CombatLevelDamageScalerContinued.csproj", "{5DC2A531-B6B9-4D73-A78A-6A3E9C6E9A2C}"
EndProject
Project("{FAE04EC0-301F-11D3-BF4B-00C04F79EFBC}") = "CapstoneProfessionsContinued", "CapstoneProfessionsContinued\CapstoneProfessionsContinued.csproj", "{80B84781-839E-4F0D-BB2F-81AE28DD6B75}"
EndProject
Global
	GlobalSection(SolutionConfigurationPlatforms) = preSolution
		Debug|Any CPU = Debug|Any CPU
		Debug|Any CPY = Debug|Any CPY
		Debug|x86 = Debug|x86
		Debug|x64 = Debug|x64
		Release|Any CPU = Release|Any CPU
		Release|Any CPY = Release|Any CPY
		Release|x86 = Release|x86
		Release|x64 = Release|x64
	EndGlobalSection
	GlobalSection(ProjectConfigurationPlatforms) = postSolution
		{6496F0A5-5AAE-4889-B324-E11F7023A2CC}.Debug|Any CPU.ActiveCfg = Debug|Any CPU
		{6496F0A5-5AAE-4889-B324-E11F7023A2CC}.Debug|Any CPY.ActiveCfg = Debug|Any CPU
		{6496F0A5-5AAE-4889-B324-E11F7023A2CC}.Debug|Any CPY.Build.0 = Debug|Any CPU
		{6496F0A5-5AAE-4889-B324-E11F7023A2CC}.Debug|x86.ActiveCfg = Debug|Any CPU
		{6496F0A5-5AAE-4889-B324-E11F7023A2CC}.Debug|x86.Build.0 = Debug|Any CPU
		{6496F0A5-5AAE-4889-B324-E11F7023A2CC}.Debug|x64.ActiveCfg = Debug|Any CPU
		{6496F0A5-5AAE-4889-B324-E11F7023A2CC}.Debug|x64.Build.0 = Debug|Any CPU
		{6496F0A5-5AAE-4889-B324-E11F7023A2CC}.Release|Any CPU.ActiveCfg = Release|Any CPU
		{6496F0A5-5AAE-4889-B324-E11F7023A2CC}.Release|Any CPU.Build.0 = Release|Any CPU
		{6496F0A5-5AAE-4889-B324-E11F7023A2CC}.Release|Any CPY.ActiveCfg = Release|Any CPU
		{6496F0A5-5AAE-4889-B324-E11F7023A2CC}.Release|Any CPY.Build.0 = Release|Any CPU
		{6496F0A5-5AAE-4889-B324-E11F7023A2CC}.Release|x86.ActiveCfg = Release|Any CPU
		{6496F0A5-5AAE-4889-B324-E11F7023A2CC}.Release|x86.Build.0 = Release|Any CPU
		{6496F0A5-5AAE-4889-B324-E11F7023A2CC}.Release|x64.ActiveCfg = Release|Any CPU
		{6496F0A5-5AAE-4889-B324-E11F7023A2CC}.Release|x64.Build.0 = Release|Any CPU
		{59D76C92-7552-4F68-90CC-2CF97631781A}.Debug|Any CPU.ActiveCfg = Debug|Any CPU
		{59D76C92-7552-4F68-90CC-2CF97631781A}.Debug|Any CPY.ActiveCfg = Debug|Any CPU
		{59D76C92-7552-4F68-90CC-2CF97631781A}.Debug|Any CPY.Build.0 = Debug|Any CPU
		{59D76C92-7552-4F68-90CC-2CF97631781A}.Debug|x86.ActiveCfg = Debug|Any CPU
		{59D76C92-7552-4F68-90CC-2CF97631781A}.Debug|x86.Build.0 = Debug|Any CPU
		{59D76C92-7552-4F68-90CC-2CF97631781A}.Debug|x64.ActiveCfg = Debug|Any CPU
		{59D76C92-7552-4F68-90CC-2CF97631781A}.Debug|x64.Build.0 = Debug|Any CPU
		{59D76C92-7552-4F68-90CC-2CF97631781A}.Release|Any CPU.ActiveCfg = Release|Any CPU
		{59D76C92-7552-4F68-90CC-2CF97631781A}.Release|Any CPU.Build.0 = Release|Any CPU
		{59D76C92-7552-4F68-90CC-2CF97631781A}.Release|Any CPY.ActiveCfg = Release|Any CPU
		{59D76C92-7552-4F68-90CC-2CF97631781A}.Release|Any CPY.Build.0 = Release|Any CPU
		{59D76C92-7552-4F68-90CC-2CF97631781A}.Release|x86.ActiveCfg = Release|Any CPU
		{59D76C92-7552-4F68-90CC-2CF97631781A}.Release|x86.Build.0 = Release|Any CPU
		{59D76C92-7552-4F68-90CC-2CF97631781A}.Release|x64.ActiveCfg = Release|Any CPU
		{59D76C92-7552-4F68-90CC-2CF97631781A}.Release|x64.Build.0 = Release|Any CPU
		{8DE474D2-AE31-445F-A0F7-C9883F7BD396}.Debug|Any CPU.ActiveCfg = Debug|Any CPU
		{8DE474D2-AE31-445F-A0F7-C9883F7BD396}.Debug|Any CPY.ActiveCfg = Debug|Any CPU
		{8DE474D2-AE31-445F-A0F7-C9883F7BD396}.Debug|Any CPY.Build.0 = Debug|Any CPU
		{8DE474D2-AE31-445F-A0F7-C9883F7BD396}.Debug|x86.ActiveCfg = Debug|Any CPU
		{8DE474D2-AE31-445F-A0F7-C9883F7BD396}.Debug|x86.Build.0 = Debug|Any CPU
		{8DE474D2-AE31-445F-A0F7-C9883F7BD396}.Debug|x64.ActiveCfg = Debug|Any CPU
		{8DE474D2-AE31-445F-A0F7-C9883F7BD396}.Debug|x64.Build.0 = Debug|Any CPU
		{8DE474D2-AE31-445F-A0F7-C9883F7BD396}.Release|Any CPU.ActiveCfg = Release|Any CPU
		{8DE474D2-AE31-445F-A0F7-C9883F7BD396}.Release|Any CPU.Build.0 = Release|Any CPU
		{8DE474D2-AE31-445F-A0F7-C9883F7BD396}.Release|Any CPY.ActiveCfg = Release|Any CPU
		{8DE474D2-AE31-445F-A0F7-C9883F7BD396}.Release|Any CPY.Build.0 = Release|Any CPU
		{8DE474D2-AE31-445F-A0F7-C9883F7BD396}.Release|x86.ActiveCfg = Release|Any CPU
		{8DE474D2-AE31-445F-A0F7-C9883F7BD396}.Release|x86.Build.0 = Release|Any CPU
		{8DE474D2-AE31-445F-A0F7-C9883F7BD396}.Release|x64.ActiveCfg = Release|Any CPU
		{8DE474D2-AE31-445F-A0F7-C9883F7BD396}.Release|x64.Build.0 = Release|Any CPU
		{34074A22-39A4-410F-BA00-37E26E9B7461}.Debug|Any CPU.ActiveCfg = Debug|Any CPU
		{34074A22-39A4-410F-BA00-37E26E9B7461}.Debug|Any CPY.ActiveCfg = Debug|Any CPU
		{34074A22-39A4-410F-BA00-37E26E9B7461}.Debug|Any CPY.Build.0 = Debug|Any CPU
		{34074A22-39A4-410F-BA00-37E26E9B7461}.Debug|x86.ActiveCfg = Debug|Any CPU
		{34074A22-39A4-410F-BA00-37E26E9B7461}.Debug|x86.Build.0 = Debug|Any CPU
		{34074A22-39A4-410F-BA00-37E26E9B7461}.Debug|x64.ActiveCfg = Debug|Any CPU
		{34074A22-39A4-410F-BA00-37E26E9B7461}.Debug|x64.Build.0 = Debug|Any CPU
		{34074A22-39A4-410F-BA00-37E26E9B7461}.Release|Any CPU.ActiveCfg = Release|Any CPU
		{34074A22-39A4-410F-BA00-37E26E9B7461}.Release|Any CPU.Build.0 = Release|Any CPU
		{34074A22-39A4-410F-BA00-37E26E9B7461}.Release|Any CPY.ActiveCfg = Release|Any CPU
		{34074A22-39A4-410F-BA00-37E26E9B7461}.Release|Any CPY.Build.0 = Release|Any CPU
		{34074A22-39A4-410F-BA00-37E26E9B7461}.Release|x86.ActiveCfg = Release|Any CPU
		{34074A22-39A4-410F-BA00-37E26E9B7461}.Release|x86.Build.0 = Release|Any CPU
		{34074A22-39A4-410F-BA00-37E26E9B7461}.Release|x64.ActiveCfg = Release|Any CPU
		{34074A22-39A4-410F-BA00-37E26E9B7461}.Release|x64.Build.0 = Release|Any CPU
		{5190684B-49F3-48E9-BE41-92E8810B345C}.Debug|Any CPU.ActiveCfg = Debug|Any CPU
		{5190684B-49F3-48E9-BE41-92E8810B345C}.Debug|Any CPY.ActiveCfg = Debug|Any CPU
		{5190684B-49F3-48E9-BE41-92E8810B345C}.Debug|Any CPY.Build.0 = Debug|Any CPU
		{5190684B-49F3-48E9-BE41-92E8810B345C}.Debug|x86.ActiveCfg = Debug|Any CPU
		{5190684B-49F3-48E9-BE41-92E8810B345C}.Debug|x86.Build.0 = Debug|Any CPU
		{5190684B-49F3-48E9-BE41-92E8810B345C}.Debug|x64.ActiveCfg = Debug|Any CPU
		{5190684B-49F3-48E9-BE41-92E8810B345C}.Debug|x64.Build.0 = Debug|Any CPU
		{5190684B-49F3-48E9-BE41-92E8810B345C}.Release|Any CPU.ActiveCfg = Release|Any CPU
		{5190684B-49F3-48E9-BE41-92E8810B345C}.Release|Any CPU.Build.0 = Release|Any CPU
		{5190684B-49F3-48E9-BE41-92E8810B345C}.Release|Any CPY.ActiveCfg = Release|Any CPU
		{5190684B-49F3-48E9-BE41-92E8810B345C}.Release|Any CPY.Build.0 = Release|Any CPU
		{5190684B-49F3-48E9-BE41-92E8810B345C}.Release|x86.ActiveCfg = Release|Any CPU
		{5190684B-49F3-48E9-BE41-92E8810B345C}.Release|x86.Build.0 = Release|Any CPU
		{5190684B-49F3-48E9-BE41-92E8810B345C}.Release|x64.ActiveCfg = Release|Any CPU
		{5190684B-49F3-48E9-BE41-92E8810B345C}.Release|x64.Build.0 = Release|Any CPU
		{0E2DCBFA-6A6F-4474-9564-5B1F76427913}.Debug|Any CPU.ActiveCfg = Debug|Any CPU
		{0E2DCBFA-6A6F-4474-9564-5B1F76427913}.Debug|Any CPY.ActiveCfg = Debug|Any CPU
		{0E2DCBFA-6A6F-4474-9564-5B1F76427913}.Debug|Any CPY.Build.0 = Debug|Any CPU
		{0E2DCBFA-6A6F-4474-9564-5B1F76427913}.Debug|x86.ActiveCfg = Debug|Any CPU
		{0E2DCBFA-6A6F-4474-9564-5B1F76427913}.Debug|x86.Build.0 = Debug|Any CPU
		{0E2DCBFA-6A6F-4474-9564-5B1F76427913}.Debug|x64.ActiveCfg = Debug|Any CPU
		{0E2DCBFA-6A6F-4474-9564-5B1F76427913}.Debug|x64.Build.0 = Debug|Any CPU
		{0E2DCBFA-6A6F-4474-9564-5B1F76427913}.Release|Any CPU.ActiveCfg = Release|Any CPU
		{0E2DCBFA-6A6F-4474-9564-5B1F76427913}.Release|Any CPU.Build.0 = Release|Any CPU
		{0E2DCBFA-6A6F-4474-9564-5B1F76427913}.Release|Any CPY.ActiveCfg = Release|Any CPU
		{0E2DCBFA-6A6F-4474-9564-5B1F76427913}.Release|Any CPY.Build.0 = Release|Any CPU
		{0E2DCBFA-6A6F-4474-9564-5B1F76427913}.Release|x86.ActiveCfg = Release|Any CPU
		{0E2DCBFA-6A6F-4474-9564-5B1F76427913}.Release|x86.Build.0 = Release|Any CPU
		{0E2DCBFA-6A6F-4474-9564-5B1F76427913}.Release|x64.ActiveCfg = Release|Any CPU
		{0E2DCBFA-6A6F-4474-9564-5B1F76427913}.Release|x64.Build.0 = Release|Any CPU
		{1A77A589-242F-5857-480B-7E9D9C5E064A}.Debug|Any CPU.ActiveCfg = Debug|Any CPU
		{1A77A589-242F-5857-480B-7E9D9C5E064A}.Debug|Any CPU.Build.0 = Debug|Any CPU
		{1A77A589-242F-5857-480B-7E9D9C5E064A}.Debug|Any CPY.ActiveCfg = Debug|Any CPU
		{1A77A589-242F-5857-480B-7E9D9C5E064A}.Debug|Any CPY.Build.0 = Debug|Any CPU
		{1A77A589-242F-5857-480B-7E9D9C5E064A}.Debug|x86.ActiveCfg = Debug|Any CPU
		{1A77A589-242F-5857-480B-7E9D9C5E064A}.Debug|x86.Build.0 = Debug|Any CPU
		{1A77A589-242F-5857-480B-7E9D9C5E064A}.Debug|x64.ActiveCfg = Debug|Any CPU
		{1A77A589-242F-5857-480B-7E9D9C5E064A}.Debug|x64.Build.0 = Debug|Any CPU
		{1A77A589-242F-5857-480B-7E9D9C5E064A}.Release|Any CPU.ActiveCfg = Release|Any CPU
		{1A77A589-242F-5857-480B-7E9D9C5E064A}.Release|Any CPU.Build.0 = Release|Any CPU
		{1A77A589-242F-5857-480B-7E9D9C5E064A}.Release|Any CPY.ActiveCfg = Release|Any CPU
		{1A77A589-242F-5857-480B-7E9D9C5E064A}.Release|Any CPY.Build.0 = Release|Any CPU
		{1A77A589-242F-5857-480B-7E9D9C5E064A}.Release|x86.ActiveCfg = Release|Any CPU
		{1A77A589-242F-5857-480B-7E9D9C5E064A}.Release|x86.Build.0 = Release|Any CPU
		{1A77A589-242F-5857-480B-7E9D9C5E064A}.Release|x64.ActiveCfg = Release|Any CPU
		{1A77A589-242F-5857-480B-7E9D9C5E064A}.Release|x64.Build.0 = Release|Any CPU
		{33D3C5BC-9A15-17B0-65A0-24CBAF16A45D}.Debug|Any CPU.ActiveCfg = Debug|Any CPU
		{33D3C5BC-9A15-17B0-65A0-24CBAF16A45D}.Debug|Any CPU.Build.0 = Debug|Any CPU
		{33D3C5BC-9A15-17B0-65A0-24CBAF16A45D}.Debug|Any CPY.ActiveCfg = Debug|Any CPU
		{33D3C5BC-9A15-17B0-65A0-24CBAF16A45D}.Debug|Any CPY.Build.0 = Debug|Any CPU
		{33D3C5BC-9A15-17B0-65A0-24CBAF16A45D}.Debug|x86.ActiveCfg = Debug|Any CPU
		{33D3C5BC-9A15-17B0-65A0-24CBAF16A45D}.Debug|x86.Build.0 = Debug|Any CPU
		{33D3C5BC-9A15-17B0-65A0-24CBAF16A45D}.Debug|x64.ActiveCfg = Debug|Any CPU
		{33D3C5BC-9A15-17B0-65A0-24CBAF16A45D}.Debug|x64.Build.0 = Debug|Any CPU
		{33D3C5BC-9A15-17B0-65A0-24CBAF16A45D}.Release|Any CPU.ActiveCfg = Release|Any CPU
		{33D3C5BC-9A15-17B0-65A0-24CBAF16A45D}.Release|Any CPU.Build.0 = Release|Any CPU
		{33D3C5BC-9A15-17B0-65A0-24CBAF16A45D}.Release|Any CPY.ActiveCfg = Release|Any CPU
		{33D3C5BC-9A15-17B0-65A0-24CBAF16A45D}.Release|Any CPY.Build.0 = Release|Any CPU
		{33D3C5BC-9A15-17B0-65A0-24CBAF16A45D}.Release|x86.ActiveCfg = Release|Any CPU
		{33D3C5BC-9A15-17B0-65A0-24CBAF16A45D}.Release|x86.Build.0 = Release|Any CPU
		{33D3C5BC-9A15-17B0-65A0-24CBAF16A45D}.Release|x64.ActiveCfg = Release|Any CPU
		{33D3C5BC-9A15-17B0-65A0-24CBAF16A45D}.Release|x64.Build.0 = Release|Any CPU
		{4C299069-FB51-4038-9326-E1BFB483252D}.Debug|Any CPU.ActiveCfg = Debug|Any CPU
		{4C299069-FB51-4038-9326-E1BFB483252D}.Debug|Any CPU.Build.0 = Debug|Any CPU
		{4C299069-FB51-4038-9326-E1BFB483252D}.Debug|Any CPY.ActiveCfg = Debug|Any CPU
		{4C299069-FB51-4038-9326-E1BFB483252D}.Debug|Any CPY.Build.0 = Debug|Any CPU
		{4C299069-FB51-4038-9326-E1BFB483252D}.Debug|x86.ActiveCfg = Debug|Any CPU
		{4C299069-FB51-4038-9326-E1BFB483252D}.Debug|x86.Build.0 = Debug|Any CPU
		{4C299069-FB51-4038-9326-E1BFB483252D}.Debug|x64.ActiveCfg = Debug|Any CPU
		{4C299069-FB51-4038-9326-E1BFB483252D}.Debug|x64.Build.0 = Debug|Any CPU
		{4C299069-FB51-4038-9326-E1BFB483252D}.Release|Any CPU.ActiveCfg = Release|Any CPU
		{4C299069-FB51-4038-9326-E1BFB483252D}.Release|Any CPU.Build.0 = Release|Any CPU
		{4C299069-FB51-4038-9326-E1BFB483252D}.Release|Any CPY.ActiveCfg = Release|Any CPU
		{4C299069-FB51-4038-9326-E1BFB483252D}.Release|Any CPY.Build.0 = Release|Any CPU
		{4C299069-FB51-4038-9326-E1BFB483252D}.Release|x86.ActiveCfg = Release|Any CPU
		{4C299069-FB51-4038-9326-E1BFB483252D}.Release|x86.Build.0 = Release|Any CPU
		{4C299069-FB51-4038-9326-E1BFB483252D}.Release|x64.ActiveCfg = Release|Any CPU
		{4C299069-FB51-4038-9326-E1BFB483252D}.Release|x64.Build.0 = Release|Any CPU
		{3100B943-09B6-4BE1-AEB0-C2AC153CEF58}.Debug|Any CPU.ActiveCfg = Debug|Any CPU
		{3100B943-09B6-4BE1-AEB0-C2AC153CEF58}.Debug|Any CPU.Build.0 = Debug|Any CPU
		{3100B943-09B6-4BE1-AEB0-C2AC153CEF58}.Debug|Any CPY.ActiveCfg = Debug|Any CPU
		{3100B943-09B6-4BE1-AEB0-C2AC153CEF58}.Debug|Any CPY.Build.0 = Debug|Any CPU
		{3100B943-09B6-4BE1-AEB0-C2AC153CEF58}.Debug|x86.ActiveCfg = Debug|Any CPU
		{3100B943-09B6-4BE1-AEB0-C2AC153CEF58}.Debug|x86.Build.0 = Debug|Any CPU
		{3100B943-09B6-4BE1-AEB0-C2AC153CEF58}.Debug|x64.ActiveCfg = Debug|Any CPU
		{3100B943-09B6-4BE1-AEB0-C2AC153CEF58}.Debug|x64.Build.0 = Debug|Any CPU
		{3100B943-09B6-4BE1-AEB0-C2AC153CEF58}.Release|Any CPU.ActiveCfg = Release|Any CPU
		{3100B943-09B6-4BE1-AEB0-C2AC153CEF58}.Release|Any CPU.Build.0 = Release|Any CPU
		{3100B943-09B6-4BE1-AEB0-C2AC153CEF58}.Release|Any CPY.ActiveCfg = Release|Any CPU
		{3100B943-09B6-4BE1-AEB0-C2AC153CEF58}.Release|Any CPY.Build.0 = Release|Any CPU
		{3100B943-09B6-4BE1-AEB0-C2AC153CEF58}.Release|x86.ActiveCfg = Release|Any CPU
		{3100B943-09B6-4BE1-AEB0-C2AC153CEF58}.Release|x86.Build.0 = Release|Any CPU
		{3100B943-09B6-4BE1-AEB0-C2AC153CEF58}.Release|x64.ActiveCfg = Release|Any CPU
		{3100B943-09B6-4BE1-AEB0-C2AC153CEF58}.Release|x64.Build.0 = Release|Any CPU
		{C4F9AE53-F17F-4FF2-A6BF-195311A97931}.Debug|Any CPU.ActiveCfg = Debug|Any CPU
		{C4F9AE53-F17F-4FF2-A6BF-195311A97931}.Debug|Any CPU.Build.0 = Debug|Any CPU
		{C4F9AE53-F17F-4FF2-A6BF-195311A97931}.Debug|Any CPY.ActiveCfg = Debug|Any CPU
		{C4F9AE53-F17F-4FF2-A6BF-195311A97931}.Debug|Any CPY.Build.0 = Debug|Any CPU
		{C4F9AE53-F17F-4FF2-A6BF-195311A97931}.Debug|x86.ActiveCfg = Debug|Any CPU
		{C4F9AE53-F17F-4FF2-A6BF-195311A97931}.Debug|x86.Build.0 = Debug|Any CPU
		{C4F9AE53-F17F-4FF2-A6BF-195311A97931}.Debug|x64.ActiveCfg = Debug|Any CPU
		{C4F9AE53-F17F-4FF2-A6BF-195311A97931}.Debug|x64.Build.0 = Debug|Any CPU
		{C4F9AE53-F17F-4FF2-A6BF-195311A97931}.Release|Any CPU.ActiveCfg = Release|Any CPU
		{C4F9AE53-F17F-4FF2-A6BF-195311A97931}.Release|Any CPU.Build.0 = Release|Any CPU
		{C4F9AE53-F17F-4FF2-A6BF-195311A97931}.Release|Any CPY.ActiveCfg = Release|Any CPU
		{C4F9AE53-F17F-4FF2-A6BF-195311A97931}.Release|Any CPY.Build.0 = Release|Any CPU
		{C4F9AE53-F17F-4FF2-A6BF-195311A97931}.Release|x86.ActiveCfg = Release|Any CPU
		{C4F9AE53-F17F-4FF2-A6BF-195311A97931}.Release|x86.Build.0 = Release|Any CPU
		{C4F9AE53-F17F-4FF2-A6BF-195311A97931}.Release|x64.ActiveCfg = Release|Any CPU
		{C4F9AE53-F17F-4FF2-A6BF-195311A97931}.Release|x64.Build.0 = Release|Any CPU
		{5D51DAE5-FC52-42B5-8283-A274E5830739}.Debug|Any CPU.ActiveCfg = Debug|Any CPU
		{5D51DAE5-FC52-42B5-8283-A274E5830739}.Debug|Any CPU.Build.0 = Debug|Any CPU
		{5D51DAE5-FC52-42B5-8283-A274E5830739}.Debug|Any CPY.ActiveCfg = Debug|Any CPU
		{5D51DAE5-FC52-42B5-8283-A274E5830739}.Debug|Any CPY.Build.0 = Debug|Any CPU
		{5D51DAE5-FC52-42B5-8283-A274E5830739}.Debug|x86.ActiveCfg = Debug|Any CPU
		{5D51DAE5-FC52-42B5-8283-A274E5830739}.Debug|x86.Build.0 = Debug|Any CPU
		{5D51DAE5-FC52-42B5-8283-A274E5830739}.Debug|x64.ActiveCfg = Debug|Any CPU
		{5D51DAE5-FC52-42B5-8283-A274E5830739}.Debug|x64.Build.0 = Debug|Any CPU
		{5D51DAE5-FC52-42B5-8283-A274E5830739}.Release|Any CPU.ActiveCfg = Release|Any CPU
		{5D51DAE5-FC52-42B5-8283-A274E5830739}.Release|Any CPU.Build.0 = Release|Any CPU
		{5D51DAE5-FC52-42B5-8283-A274E5830739}.Release|Any CPY.ActiveCfg = Release|Any CPU
		{5D51DAE5-FC52-42B5-8283-A274E5830739}.Release|Any CPY.Build.0 = Release|Any CPU
		{5D51DAE5-FC52-42B5-8283-A274E5830739}.Release|x86.ActiveCfg = Release|Any CPU
		{5D51DAE5-FC52-42B5-8283-A274E5830739}.Release|x86.Build.0 = Release|Any CPU
		{5D51DAE5-FC52-42B5-8283-A274E5830739}.Release|x64.ActiveCfg = Release|Any CPU
		{5D51DAE5-FC52-42B5-8283-A274E5830739}.Release|x64.Build.0 = Release|Any CPU
		{B5CD4CA5-8956-418D-ADA4-3176AF920C41}.Debug|Any CPU.ActiveCfg = Debug|Any CPU
		{B5CD4CA5-8956-418D-ADA4-3176AF920C41}.Debug|Any CPU.Build.0 = Debug|Any CPU
		{B5CD4CA5-8956-418D-ADA4-3176AF920C41}.Debug|Any CPY.ActiveCfg = Debug|Any CPU
		{B5CD4CA5-8956-418D-ADA4-3176AF920C41}.Debug|Any CPY.Build.0 = Debug|Any CPU
		{B5CD4CA5-8956-418D-ADA4-3176AF920C41}.Debug|x86.ActiveCfg = Debug|Any CPU
		{B5CD4CA5-8956-418D-ADA4-3176AF920C41}.Debug|x86.Build.0 = Debug|Any CPU
		{B5CD4CA5-8956-418D-ADA4-3176AF920C41}.Debug|x64.ActiveCfg = Debug|Any CPU
		{B5CD4CA5-8956-418D-ADA4-3176AF920C41}.Debug|x64.Build.0 = Debug|Any CPU
		{B5CD4CA5-8956-418D-ADA4-3176AF920C41}.Release|Any CPU.ActiveCfg = Release|Any CPU
		{B5CD4CA5-8956-418D-ADA4-3176AF920C41}.Release|Any CPU.Build.0 = Release|Any CPU
		{B5CD4CA5-8956-418D-ADA4-3176AF920C41}.Release|Any CPY.ActiveCfg = Release|Any CPU
		{B5CD4CA5-8956-418D-ADA4-3176AF920C41}.Release|Any CPY.Build.0 = Release|Any CPU
		{B5CD4CA5-8956-418D-ADA4-3176AF920C41}.Release|x86.ActiveCfg = Release|Any CPU
		{B5CD4CA5-8956-418D-ADA4-3176AF920C41}.Release|x86.Build.0 = Release|Any CPU
		{B5CD4CA5-8956-418D-ADA4-3176AF920C41}.Release|x64.ActiveCfg = Release|Any CPU
		{B5CD4CA5-8956-418D-ADA4-3176AF920C41}.Release|x64.Build.0 = Release|Any CPU
		{5DC2A531-B6B9-4D73-A78A-6A3E9C6E9A2C}.Debug|Any CPU.ActiveCfg = Debug|Any CPU
		{5DC2A531-B6B9-4D73-A78A-6A3E9C6E9A2C}.Debug|Any CPU.Build.0 = Debug|Any CPU
		{5DC2A531-B6B9-4D73-A78A-6A3E9C6E9A2C}.Debug|Any CPY.ActiveCfg = Debug|Any CPU
		{5DC2A531-B6B9-4D73-A78A-6A3E9C6E9A2C}.Debug|Any CPY.Build.0 = Debug|Any CPU
		{5DC2A531-B6B9-4D73-A78A-6A3E9C6E9A2C}.Debug|x86.ActiveCfg = Debug|Any CPU
		{5DC2A531-B6B9-4D73-A78A-6A3E9C6E9A2C}.Debug|x86.Build.0 = Debug|Any CPU
		{5DC2A531-B6B9-4D73-A78A-6A3E9C6E9A2C}.Debug|x64.ActiveCfg = Debug|Any CPU
		{5DC2A531-B6B9-4D73-A78A-6A3E9C6E9A2C}.Debug|x64.Build.0 = Debug|Any CPU
		{5DC2A531-B6B9-4D73-A78A-6A3E9C6E9A2C}.Release|Any CPU.ActiveCfg = Release|Any CPU
		{5DC2A531-B6B9-4D73-A78A-6A3E9C6E9A2C}.Release|Any CPU.Build.0 = Release|Any CPU
		{5DC2A531-B6B9-4D73-A78A-6A3E9C6E9A2C}.Release|Any CPY.ActiveCfg = Release|Any CPU
		{5DC2A531-B6B9-4D73-A78A-6A3E9C6E9A2C}.Release|Any CPY.Build.0 = Release|Any CPU
		{5DC2A531-B6B9-4D73-A78A-6A3E9C6E9A2C}.Release|x86.ActiveCfg = Release|Any CPU
		{5DC2A531-B6B9-4D73-A78A-6A3E9C6E9A2C}.Release|x86.Build.0 = Release|Any CPU
		{5DC2A531-B6B9-4D73-A78A-6A3E9C6E9A2C}.Release|x64.ActiveCfg = Release|Any CPU
		{5DC2A531-B6B9-4D73-A78A-6A3E9C6E9A2C}.Release|x64.Build.0 = Release|Any CPU
		{80B84781-839E-4F0D-BB2F-81AE28DD6B75}.Debug|Any CPU.ActiveCfg = Debug|Any CPU
		{80B84781-839E-4F0D-BB2F-81AE28DD6B75}.Debug|Any CPU.Build.0 = Debug|Any CPU
		{80B84781-839E-4F0D-BB2F-81AE28DD6B75}.Debug|Any CPY.ActiveCfg = Debug|Any CPU
		{80B84781-839E-4F0D-BB2F-81AE28DD6B75}.Debug|Any CPY.Build.0 = Debug|Any CPU
		{80B84781-839E-4F0D-BB2F-81AE28DD6B75}.Debug|x86.ActiveCfg = Debug|Any CPU
		{80B84781-839E-4F0D-BB2F-81AE28DD6B75}.Debug|x86.Build.0 = Debug|Any CPU
		{80B84781-839E-4F0D-BB2F-81AE28DD6B75}.Debug|x64.ActiveCfg = Debug|Any CPU
		{80B84781-839E-4F0D-BB2F-81AE28DD6B75}.Debug|x64.Build.0 = Debug|Any CPU
		{80B84781-839E-4F0D-BB2F-81AE28DD6B75}.Release|Any CPU.ActiveCfg = Release|Any CPU
		{80B84781-839E-4F0D-BB2F-81AE28DD6B75}.Release|Any CPU.Build.0 = Release|Any CPU
		{80B84781-839E-4F0D-BB2F-81AE28DD6B75}.Release|Any CPY.ActiveCfg = Release|Any CPU
		{80B84781-839E-4F0D-BB2F-81AE28DD6B75}.Release|Any CPY.Build.0 = Release|Any CPU
		{80B84781-839E-4F0D-BB2F-81AE28DD6B75}.Release|x86.ActiveCfg = Release|Any CPU
		{80B84781-839E-4F0D-BB2F-81AE28DD6B75}.Release|x86.Build.0 = Release|Any CPU
		{80B84781-839E-4F0D-BB2F-81AE28DD6B75}.Release|x64.ActiveCfg = Release|Any CPU
		{80B84781-839E-4F0D-BB2F-81AE28DD6B75}.Release|x64.Build.0 = Release|Any CPU
	EndGlobalSection
	GlobalSection(SolutionProperties) = preSolution
		HideSolutionNode = FALSE
	EndGlobalSection
	GlobalSection(NestedProjects) = preSolution
		{4C299069-FB51-4038-9326-E1BFB483252D} = {07C2787E-EAC7-C090-1BA3-A61EC2A24D84}
	EndGlobalSection
	GlobalSection(ExtensibilityGlobals) = postSolution
		SolutionGuid = {0B7149C4-4258-4655-B72C-A698AD5794FE}
	EndGlobalSection
EndGlobal
